Microsoft Visual Studio Solution File, Format Version 10.00
# Visual C++ Express 2008
Project("{8BC9CEB8-8B4A-11D0-8D11-00A0C91BC942}") = "Libattr", "projects.VS2008\Libattr.vcproj", "{FEFE98C6-6352-4CF4-A40C-56CA414B15FF}"
EndProject
Project("{8BC9CEB8-8B4A-11D0-8D11-00A0C91BC942}") = "Libpbs", "projects.VS2008\Libpbs.vcproj", "{17F70B8B-9669-4F98-95B0-E98ECA3D6039}"
	ProjectSection(ProjectDependencies) = postProject
		{5885BB13-6D58-4EE3-94C8-A8928F1EAB00} = {5885BB13-6D58-4EE3-94C8-A8928F1EAB00}
		{4F776873-F1FB-4299-B3D5-394AF05BAA73} = {4F776873-F1FB-4299-B3D5-394AF05BAA73}
		{FEFE98C6-6352-4CF4-A40C-56CA414B15FF} = {FEFE98C6-6352-4CF4-A40C-56CA414B15FF}
		{1CE3EDF8-7001-4756-A85B-DF7D0BFF4C52} = {1CE3EDF8-7001-4756-A85B-DF7D0BFF4C52}
	EndProjectSection
EndProject
Project("{8BC9CEB8-8B4A-11D0-8D11-00A0C91BC942}") = "Liblog", "projects.VS2008\Liblog.vcproj", "{1CE3EDF8-7001-4756-A85B-DF7D0BFF4C52}"
	ProjectSection(ProjectDependencies) = postProject
		{0B889879-456F-4F8E-A15E-3C0A7BBF3B25} = {0B889879-456F-4F8E-A15E-3C0A7BBF3B25}
	EndProjectSection
EndProject
Project("{8BC9CEB8-8B4A-11D0-8D11-00A0C91BC942}") = "Libsite", "projects.VS2008\Libsite.vcproj", "{4D4DCDE5-C580-44AA-81A9-BAD24437C188}"
EndProject
Project("{8BC9CEB8-8B4A-11D0-8D11-00A0C91BC942}") = "Libwin", "projects.VS2008\Libwin.vcproj", "{684975BF-D264-4429-83F2-6FB31DD36366}"
	ProjectSection(ProjectDependencies) = postProject
		{17F70B8B-9669-4F98-95B0-E98ECA3D6039} = {17F70B8B-9669-4F98-95B0-E98ECA3D6039}
		{625346DC-194A-4E7D-92C4-8F9E10B0BB2A} = {625346DC-194A-4E7D-92C4-8F9E10B0BB2A}
	EndProjectSection
EndProject
Project("{8BC9CEB8-8B4A-11D0-8D11-00A0C91BC942}") = "Libnet", "projects.VS2008\Libnet.vcproj", "{5885BB13-6D58-4EE3-94C8-A8928F1EAB00}"
	ProjectSection(ProjectDependencies) = postProject
		{6009CF00-EF0F-44CA-9995-33328F067904} = {6009CF00-EF0F-44CA-9995-33328F067904}
	EndProjectSection
EndProject
Project("{8BC9CEB8-8B4A-11D0-8D11-00A0C91BC942}") = "chk_tree", "projects.VS2008\chk_tree.vcproj", "{B2BB4CD7-ED1F-4357-9567-900148F4CC05}"
	ProjectSection(ProjectDependencies) = postProject
		{5885BB13-6D58-4EE3-94C8-A8928F1EAB00} = {5885BB13-6D58-4EE3-94C8-A8928F1EAB00}
		{17F70B8B-9669-4F98-95B0-E98ECA3D6039} = {17F70B8B-9669-4F98-95B0-E98ECA3D6039}
		{684975BF-D264-4429-83F2-6FB31DD36366} = {684975BF-D264-4429-83F2-6FB31DD36366}
		{1CE3EDF8-7001-4756-A85B-DF7D0BFF4C52} = {1CE3EDF8-7001-4756-A85B-DF7D0BFF4C52}
	EndProjectSection
EndProject
Project("{8BC9CEB8-8B4A-11D0-8D11-00A0C91BC942}") = "pbs_hostn", "projects.VS2008\pbs_hostn.vcproj", "{F51E4E9E-E01A-40DD-9417-9D34D7DBE41D}"
	ProjectSection(ProjectDependencies) = postProject
		{5885BB13-6D58-4EE3-94C8-A8928F1EAB00} = {5885BB13-6D58-4EE3-94C8-A8928F1EAB00}
		{17F70B8B-9669-4F98-95B0-E98ECA3D6039} = {17F70B8B-9669-4F98-95B0-E98ECA3D6039}
		{684975BF-D264-4429-83F2-6FB31DD36366} = {684975BF-D264-4429-83F2-6FB31DD36366}
	EndProjectSection
EndProject
Project("{8BC9CEB8-8B4A-11D0-8D11-00A0C91BC942}") = "iff", "projects.VS2008\iff.vcproj", "{1361D597-B39B-427D-86E1-D1591261A67F}"
	ProjectSection(ProjectDependencies) = postProject
		{5885BB13-6D58-4EE3-94C8-A8928F1EAB00} = {5885BB13-6D58-4EE3-94C8-A8928F1EAB00}
		{17F70B8B-9669-4F98-95B0-E98ECA3D6039} = {17F70B8B-9669-4F98-95B0-E98ECA3D6039}
		{684975BF-D264-4429-83F2-6FB31DD36366} = {684975BF-D264-4429-83F2-6FB31DD36366}
	EndProjectSection
EndProject
Project("{8BC9CEB8-8B4A-11D0-8D11-00A0C91BC942}") = "include", "projects.VS2008\include.vcproj", "{0B889879-456F-4F8E-A15E-3C0A7BBF3B25}"
EndProject
Project("{8BC9CEB8-8B4A-11D0-8D11-00A0C91BC942}") = "mom_rcp", "projects.VS2008\mom_rcp.vcproj", "{7D5D5149-65B9-4AC7-8F4D-7A8920AEA443}"
	ProjectSection(ProjectDependencies) = postProject
		{684975BF-D264-4429-83F2-6FB31DD36366} = {684975BF-D264-4429-83F2-6FB31DD36366}
	EndProjectSection
EndProject
Project("{8BC9CEB8-8B4A-11D0-8D11-00A0C91BC942}") = "pbs_config_add", "projects.VS2008\pbs_config_add.vcproj", "{A56A5DF3-2D4C-4DF5-B958-0CD6D1FCC663}"
	ProjectSection(ProjectDependencies) = postProject
		{17F70B8B-9669-4F98-95B0-E98ECA3D6039} = {17F70B8B-9669-4F98-95B0-E98ECA3D6039}
		{684975BF-D264-4429-83F2-6FB31DD36366} = {684975BF-D264-4429-83F2-6FB31DD36366}
	EndProjectSection
EndProject
Project("{8BC9CEB8-8B4A-11D0-8D11-00A0C91BC942}") = "pbs_mkdirs", "projects.VS2008\pbs_mkdirs.vcproj", "{D7DA6B5B-D573-4175-9B19-3C16EACA0524}"
	ProjectSection(ProjectDependencies) = postProject
		{17F70B8B-9669-4F98-95B0-E98ECA3D6039} = {17F70B8B-9669-4F98-95B0-E98ECA3D6039}
		{684975BF-D264-4429-83F2-6FB31DD36366} = {684975BF-D264-4429-83F2-6FB31DD36366}
	EndProjectSection
EndProject
Project("{8BC9CEB8-8B4A-11D0-8D11-00A0C91BC942}") = "pbs_rdel", "projects.VS2008\pbs_rdel.vcproj", "{264B800A-8304-4991-8478-471A559A4619}"
	ProjectSection(ProjectDependencies) = postProject
		{5885BB13-6D58-4EE3-94C8-A8928F1EAB00} = {5885BB13-6D58-4EE3-94C8-A8928F1EAB00}
		{17F70B8B-9669-4F98-95B0-E98ECA3D6039} = {17F70B8B-9669-4F98-95B0-E98ECA3D6039}
		{684975BF-D264-4429-83F2-6FB31DD36366} = {684975BF-D264-4429-83F2-6FB31DD36366}
	EndProjectSection
EndProject
Project("{8BC9CEB8-8B4A-11D0-8D11-00A0C91BC942}") = "pbs_rmget", "projects.VS2008\pbs_rmget.vcproj", "{CD899647-0BF9-421A-B8F5-FF47357CDC43}"
	ProjectSection(ProjectDependencies) = postProject
		{5885BB13-6D58-4EE3-94C8-A8928F1EAB00} = {5885BB13-6D58-4EE3-94C8-A8928F1EAB00}
		{17F70B8B-9669-4F98-95B0-E98ECA3D6039} = {17F70B8B-9669-4F98-95B0-E98ECA3D6039}
		{684975BF-D264-4429-83F2-6FB31DD36366} = {684975BF-D264-4429-83F2-6FB31DD36366}
	EndProjectSection
EndProject
Project("{8BC9CEB8-8B4A-11D0-8D11-00A0C91BC942}") = "pbs_rstat", "projects.VS2008\pbs_rstat.vcproj", "{C0810277-2793-481C-80BA-48CE3BE00C7F}"
	ProjectSection(ProjectDependencies) = postProject
		{5885BB13-6D58-4EE3-94C8-A8928F1EAB00} = {5885BB13-6D58-4EE3-94C8-A8928F1EAB00}
		{17F70B8B-9669-4F98-95B0-E98ECA3D6039} = {17F70B8B-9669-4F98-95B0-E98ECA3D6039}
		{684975BF-D264-4429-83F2-6FB31DD36366} = {684975BF-D264-4429-83F2-6FB31DD36366}
		{FEFE98C6-6352-4CF4-A40C-56CA414B15FF} = {FEFE98C6-6352-4CF4-A40C-56CA414B15FF}
		{625346DC-194A-4E7D-92C4-8F9E10B0BB2A} = {625346DC-194A-4E7D-92C4-8F9E10B0BB2A}
	EndProjectSection
EndProject
Project("{8BC9CEB8-8B4A-11D0-8D11-00A0C91BC942}") = "pbs_rsub", "projects.VS2008\pbs_rsub.vcproj", "{B8A5588B-95D1-4280-A3DB-ABEF6066B16B}"
	ProjectSection(ProjectDependencies) = postProject
		{5885BB13-6D58-4EE3-94C8-A8928F1EAB00} = {5885BB13-6D58-4EE3-94C8-A8928F1EAB00}
		{17F70B8B-9669-4F98-95B0-E98ECA3D6039} = {17F70B8B-9669-4F98-95B0-E98ECA3D6039}
		{684975BF-D264-4429-83F2-6FB31DD36366} = {684975BF-D264-4429-83F2-6FB31DD36366}
	EndProjectSection
EndProject
Project("{8BC9CEB8-8B4A-11D0-8D11-00A0C91BC942}") = "pbs_sleep", "projects.VS2008\pbs_sleep.vcproj", "{3CAD7B44-AC3F-45F2-BC21-A9DECF1B0740}"
EndProject
Project("{8BC9CEB8-8B4A-11D0-8D11-00A0C91BC942}") = "pbs_tclsh", "projects.VS2008\pbs_tclsh.vcproj", "{B088A0F1-E13B-4823-9795-2DF9F54AC37B}"
	ProjectSection(ProjectDependencies) = postProject
		{5885BB13-6D58-4EE3-94C8-A8928F1EAB00} = {5885BB13-6D58-4EE3-94C8-A8928F1EAB00}
		{17F70B8B-9669-4F98-95B0-E98ECA3D6039} = {17F70B8B-9669-4F98-95B0-E98ECA3D6039}
		{684975BF-D264-4429-83F2-6FB31DD36366} = {684975BF-D264-4429-83F2-6FB31DD36366}
	EndProjectSection
EndProject
Project("{8BC9CEB8-8B4A-11D0-8D11-00A0C91BC942}") = "pbs_wish", "projects.VS2008\pbs_wish.vcproj", "{77584F01-A255-419C-A2AB-486F51BE978A}"
	ProjectSection(ProjectDependencies) = postProject
		{5885BB13-6D58-4EE3-94C8-A8928F1EAB00} = {5885BB13-6D58-4EE3-94C8-A8928F1EAB00}
		{17F70B8B-9669-4F98-95B0-E98ECA3D6039} = {17F70B8B-9669-4F98-95B0-E98ECA3D6039}
		{684975BF-D264-4429-83F2-6FB31DD36366} = {684975BF-D264-4429-83F2-6FB31DD36366}
		{B088A0F1-E13B-4823-9795-2DF9F54AC37B} = {B088A0F1-E13B-4823-9795-2DF9F54AC37B}
		{1CE3EDF8-7001-4756-A85B-DF7D0BFF4C52} = {1CE3EDF8-7001-4756-A85B-DF7D0BFF4C52}
	EndProjectSection
EndProject
Project("{8BC9CEB8-8B4A-11D0-8D11-00A0C91BC942}") = "pbsdsh", "projects.VS2008\pbsdsh.vcproj", "{A33D864F-C99F-49FA-952A-9412E4F6F36A}"
	ProjectSection(ProjectDependencies) = postProject
		{5885BB13-6D58-4EE3-94C8-A8928F1EAB00} = {5885BB13-6D58-4EE3-94C8-A8928F1EAB00}
		{17F70B8B-9669-4F98-95B0-E98ECA3D6039} = {17F70B8B-9669-4F98-95B0-E98ECA3D6039}
		{684975BF-D264-4429-83F2-6FB31DD36366} = {684975BF-D264-4429-83F2-6FB31DD36366}
		{625346DC-194A-4E7D-92C4-8F9E10B0BB2A} = {625346DC-194A-4E7D-92C4-8F9E10B0BB2A}
	EndProjectSection
EndProject
Project("{8BC9CEB8-8B4A-11D0-8D11-00A0C91BC942}") = "pbsfs", "projects.VS2008\pbsfs.vcproj", "{0D781726-DE3F-43DE-8BF5-72D96CD0EF62}"
	ProjectSection(ProjectDependencies) = postProject
		{5885BB13-6D58-4EE3-94C8-A8928F1EAB00} = {5885BB13-6D58-4EE3-94C8-A8928F1EAB00}
		{49307715-24A5-47FF-AE7A-A3463E997F39} = {49307715-24A5-47FF-AE7A-A3463E997F39}
		{17F70B8B-9669-4F98-95B0-E98ECA3D6039} = {17F70B8B-9669-4F98-95B0-E98ECA3D6039}
		{684975BF-D264-4429-83F2-6FB31DD36366} = {684975BF-D264-4429-83F2-6FB31DD36366}
		{625346DC-194A-4E7D-92C4-8F9E10B0BB2A} = {625346DC-194A-4E7D-92C4-8F9E10B0BB2A}
		{1CE3EDF8-7001-4756-A85B-DF7D0BFF4C52} = {1CE3EDF8-7001-4756-A85B-DF7D0BFF4C52}
	EndProjectSection
EndProject
Project("{8BC9CEB8-8B4A-11D0-8D11-00A0C91BC942}") = "pbskill", "projects.VS2008\pbskill.vcproj", "{676B9BE3-A5D1-4B35-A379-7260CEB5038C}"
	ProjectSection(ProjectDependencies) = postProject
		{684975BF-D264-4429-83F2-6FB31DD36366} = {684975BF-D264-4429-83F2-6FB31DD36366}
	EndProjectSection
EndProject
Project("{8BC9CEB8-8B4A-11D0-8D11-00A0C91BC942}") = "pbsnodes", "projects.VS2008\pbsnodes.vcproj", "{EEE5479C-60E8-4E49-9545-B5C370542319}"
	ProjectSection(ProjectDependencies) = postProject
		{5885BB13-6D58-4EE3-94C8-A8928F1EAB00} = {5885BB13-6D58-4EE3-94C8-A8928F1EAB00}
		{17F70B8B-9669-4F98-95B0-E98ECA3D6039} = {17F70B8B-9669-4F98-95B0-E98ECA3D6039}
		{684975BF-D264-4429-83F2-6FB31DD36366} = {684975BF-D264-4429-83F2-6FB31DD36366}
	EndProjectSection
EndProject
Project("{8BC9CEB8-8B4A-11D0-8D11-00A0C91BC942}") = "printjob", "projects.VS2008\printjob.vcproj", "{DAAFF6E7-7D33-41DF-9F3E-EA2072930662}"
	ProjectSection(ProjectDependencies) = postProject
		{17F70B8B-9669-4F98-95B0-E98ECA3D6039} = {17F70B8B-9669-4F98-95B0-E98ECA3D6039}
		{684975BF-D264-4429-83F2-6FB31DD36366} = {684975BF-D264-4429-83F2-6FB31DD36366}
	EndProjectSection
EndProject
Project("{8BC9CEB8-8B4A-11D0-8D11-00A0C91BC942}") = "qalter", "projects.VS2008\qalter.vcproj", "{48EF9E38-99FC-477B-8023-83FD79132A9C}"
	ProjectSection(ProjectDependencies) = postProject
		{5885BB13-6D58-4EE3-94C8-A8928F1EAB00} = {5885BB13-6D58-4EE3-94C8-A8928F1EAB00}
		{17F70B8B-9669-4F98-95B0-E98ECA3D6039} = {17F70B8B-9669-4F98-95B0-E98ECA3D6039}
		{684975BF-D264-4429-83F2-6FB31DD36366} = {684975BF-D264-4429-83F2-6FB31DD36366}
	EndProjectSection
EndProject
Project("{8BC9CEB8-8B4A-11D0-8D11-00A0C91BC942}") = "qdel", "projects.VS2008\qdel.vcproj", "{8E4BC0DA-2E98-4E4C-88E2-A2ECF49E8179}"
	ProjectSection(ProjectDependencies) = postProject
		{5885BB13-6D58-4EE3-94C8-A8928F1EAB00} = {5885BB13-6D58-4EE3-94C8-A8928F1EAB00}
		{17F70B8B-9669-4F98-95B0-E98ECA3D6039} = {17F70B8B-9669-4F98-95B0-E98ECA3D6039}
		{684975BF-D264-4429-83F2-6FB31DD36366} = {684975BF-D264-4429-83F2-6FB31DD36366}
	EndProjectSection
EndProject
Project("{8BC9CEB8-8B4A-11D0-8D11-00A0C91BC942}") = "qdisable", "projects.VS2008\qdisable.vcproj", "{65520976-F16D-4E78-B505-29D0C92C1461}"
	ProjectSection(ProjectDependencies) = postProject
		{5885BB13-6D58-4EE3-94C8-A8928F1EAB00} = {5885BB13-6D58-4EE3-94C8-A8928F1EAB00}
		{17F70B8B-9669-4F98-95B0-E98ECA3D6039} = {17F70B8B-9669-4F98-95B0-E98ECA3D6039}
		{684975BF-D264-4429-83F2-6FB31DD36366} = {684975BF-D264-4429-83F2-6FB31DD36366}
	EndProjectSection
EndProject
Project("{8BC9CEB8-8B4A-11D0-8D11-00A0C91BC942}") = "qenable", "projects.VS2008\qenable.vcproj", "{D478B38D-C4DF-47D8-B16A-23E48472115D}"
	ProjectSection(ProjectDependencies) = postProject
		{5885BB13-6D58-4EE3-94C8-A8928F1EAB00} = {5885BB13-6D58-4EE3-94C8-A8928F1EAB00}
		{17F70B8B-9669-4F98-95B0-E98ECA3D6039} = {17F70B8B-9669-4F98-95B0-E98ECA3D6039}
		{684975BF-D264-4429-83F2-6FB31DD36366} = {684975BF-D264-4429-83F2-6FB31DD36366}
	EndProjectSection
EndProject
Project("{8BC9CEB8-8B4A-11D0-8D11-00A0C91BC942}") = "qhold", "projects.VS2008\qhold.vcproj", "{D8DCF8C0-6BDF-4EBF-AE1C-D77355A0F24E}"
	ProjectSection(ProjectDependencies) = postProject
		{5885BB13-6D58-4EE3-94C8-A8928F1EAB00} = {5885BB13-6D58-4EE3-94C8-A8928F1EAB00}
		{17F70B8B-9669-4F98-95B0-E98ECA3D6039} = {17F70B8B-9669-4F98-95B0-E98ECA3D6039}
		{684975BF-D264-4429-83F2-6FB31DD36366} = {684975BF-D264-4429-83F2-6FB31DD36366}
	EndProjectSection
EndProject
Project("{8BC9CEB8-8B4A-11D0-8D11-00A0C91BC942}") = "qmgr", "projects.VS2008\qmgr.vcproj", "{25A740B9-D005-439A-82C5-DE2D186A8FDF}"
	ProjectSection(ProjectDependencies) = postProject
		{5885BB13-6D58-4EE3-94C8-A8928F1EAB00} = {5885BB13-6D58-4EE3-94C8-A8928F1EAB00}
		{17F70B8B-9669-4F98-95B0-E98ECA3D6039} = {17F70B8B-9669-4F98-95B0-E98ECA3D6039}
		{684975BF-D264-4429-83F2-6FB31DD36366} = {684975BF-D264-4429-83F2-6FB31DD36366}
	EndProjectSection
EndProject
Project("{8BC9CEB8-8B4A-11D0-8D11-00A0C91BC942}") = "qmove", "projects.VS2008\qmove.vcproj", "{9FF2FE7B-F391-46C2-9C09-ECA99AD82925}"
	ProjectSection(ProjectDependencies) = postProject
		{5885BB13-6D58-4EE3-94C8-A8928F1EAB00} = {5885BB13-6D58-4EE3-94C8-A8928F1EAB00}
		{17F70B8B-9669-4F98-95B0-E98ECA3D6039} = {17F70B8B-9669-4F98-95B0-E98ECA3D6039}
		{684975BF-D264-4429-83F2-6FB31DD36366} = {684975BF-D264-4429-83F2-6FB31DD36366}
	EndProjectSection
EndProject
Project("{8BC9CEB8-8B4A-11D0-8D11-00A0C91BC942}") = "qmsg", "projects.VS2008\qmsg.vcproj", "{29333F7A-A3A1-425B-A328-9D5D55601C35}"
	ProjectSection(ProjectDependencies) = postProject
		{5885BB13-6D58-4EE3-94C8-A8928F1EAB00} = {5885BB13-6D58-4EE3-94C8-A8928F1EAB00}
		{17F70B8B-9669-4F98-95B0-E98ECA3D6039} = {17F70B8B-9669-4F98-95B0-E98ECA3D6039}
		{684975BF-D264-4429-83F2-6FB31DD36366} = {684975BF-D264-4429-83F2-6FB31DD36366}
	EndProjectSection
EndProject
Project("{8BC9CEB8-8B4A-11D0-8D11-00A0C91BC942}") = "qorder", "projects.VS2008\qorder.vcproj", "{6672CEFE-201A-4403-83B3-C1BFF4BE5063}"
	ProjectSection(ProjectDependencies) = postProject
		{5885BB13-6D58-4EE3-94C8-A8928F1EAB00} = {5885BB13-6D58-4EE3-94C8-A8928F1EAB00}
		{17F70B8B-9669-4F98-95B0-E98ECA3D6039} = {17F70B8B-9669-4F98-95B0-E98ECA3D6039}
		{684975BF-D264-4429-83F2-6FB31DD36366} = {684975BF-D264-4429-83F2-6FB31DD36366}
	EndProjectSection
EndProject
Project("{8BC9CEB8-8B4A-11D0-8D11-00A0C91BC942}") = "qrerun", "projects.VS2008\qrerun.vcproj", "{29CD3B95-CB64-428E-963C-A2649E62E136}"
	ProjectSection(ProjectDependencies) = postProject
		{5885BB13-6D58-4EE3-94C8-A8928F1EAB00} = {5885BB13-6D58-4EE3-94C8-A8928F1EAB00}
		{17F70B8B-9669-4F98-95B0-E98ECA3D6039} = {17F70B8B-9669-4F98-95B0-E98ECA3D6039}
		{684975BF-D264-4429-83F2-6FB31DD36366} = {684975BF-D264-4429-83F2-6FB31DD36366}
	EndProjectSection
EndProject
Project("{8BC9CEB8-8B4A-11D0-8D11-00A0C91BC942}") = "qrls", "projects.VS2008\qrls.vcproj", "{15592475-E2CD-46EE-9586-6E84DCEDBE6F}"
	ProjectSection(ProjectDependencies) = postProject
		{5885BB13-6D58-4EE3-94C8-A8928F1EAB00} = {5885BB13-6D58-4EE3-94C8-A8928F1EAB00}
		{17F70B8B-9669-4F98-95B0-E98ECA3D6039} = {17F70B8B-9669-4F98-95B0-E98ECA3D6039}
		{684975BF-D264-4429-83F2-6FB31DD36366} = {684975BF-D264-4429-83F2-6FB31DD36366}
	EndProjectSection
EndProject
Project("{8BC9CEB8-8B4A-11D0-8D11-00A0C91BC942}") = "qrun", "projects.VS2008\qrun.vcproj", "{E5011355-0CFF-4DF3-B896-1C8585AD8D1C}"
	ProjectSection(ProjectDependencies) = postProject
		{5885BB13-6D58-4EE3-94C8-A8928F1EAB00} = {5885BB13-6D58-4EE3-94C8-A8928F1EAB00}
		{17F70B8B-9669-4F98-95B0-E98ECA3D6039} = {17F70B8B-9669-4F98-95B0-E98ECA3D6039}
		{684975BF-D264-4429-83F2-6FB31DD36366} = {684975BF-D264-4429-83F2-6FB31DD36366}
	EndProjectSection
EndProject
Project("{8BC9CEB8-8B4A-11D0-8D11-00A0C91BC942}") = "qselect", "projects.VS2008\qselect.vcproj", "{049E879D-613E-4EFC-957C-FE883DFCFA87}"
	ProjectSection(ProjectDependencies) = postProject
		{5885BB13-6D58-4EE3-94C8-A8928F1EAB00} = {5885BB13-6D58-4EE3-94C8-A8928F1EAB00}
		{17F70B8B-9669-4F98-95B0-E98ECA3D6039} = {17F70B8B-9669-4F98-95B0-E98ECA3D6039}
		{684975BF-D264-4429-83F2-6FB31DD36366} = {684975BF-D264-4429-83F2-6FB31DD36366}
	EndProjectSection
EndProject
Project("{8BC9CEB8-8B4A-11D0-8D11-00A0C91BC942}") = "qsig", "projects.VS2008\qsig.vcproj", "{BDBA24E9-A051-46E6-B0C1-224AF5DA91B4}"
	ProjectSection(ProjectDependencies) = postProject
		{5885BB13-6D58-4EE3-94C8-A8928F1EAB00} = {5885BB13-6D58-4EE3-94C8-A8928F1EAB00}
		{17F70B8B-9669-4F98-95B0-E98ECA3D6039} = {17F70B8B-9669-4F98-95B0-E98ECA3D6039}
		{684975BF-D264-4429-83F2-6FB31DD36366} = {684975BF-D264-4429-83F2-6FB31DD36366}
	EndProjectSection
EndProject
Project("{8BC9CEB8-8B4A-11D0-8D11-00A0C91BC942}") = "qstart", "projects.VS2008\qstart.vcproj", "{0260EA57-B94F-49AE-A263-FDC8C15537D9}"
	ProjectSection(ProjectDependencies) = postProject
		{5885BB13-6D58-4EE3-94C8-A8928F1EAB00} = {5885BB13-6D58-4EE3-94C8-A8928F1EAB00}
		{17F70B8B-9669-4F98-95B0-E98ECA3D6039} = {17F70B8B-9669-4F98-95B0-E98ECA3D6039}
		{684975BF-D264-4429-83F2-6FB31DD36366} = {684975BF-D264-4429-83F2-6FB31DD36366}
	EndProjectSection
EndProject
Project("{8BC9CEB8-8B4A-11D0-8D11-00A0C91BC942}") = "qstat", "projects.VS2008\qstat.vcproj", "{D6744D5D-9E2B-4B98-BF9B-C4919C9DFEC1}"
	ProjectSection(ProjectDependencies) = postProject
		{5885BB13-6D58-4EE3-94C8-A8928F1EAB00} = {5885BB13-6D58-4EE3-94C8-A8928F1EAB00}
		{17F70B8B-9669-4F98-95B0-E98ECA3D6039} = {17F70B8B-9669-4F98-95B0-E98ECA3D6039}
		{684975BF-D264-4429-83F2-6FB31DD36366} = {684975BF-D264-4429-83F2-6FB31DD36366}
	EndProjectSection
EndProject
Project("{8BC9CEB8-8B4A-11D0-8D11-00A0C91BC942}") = "qstop", "projects.VS2008\qstop.vcproj", "{3160DB54-7EA1-46D9-9A60-EA0DADBF6B7F}"
	ProjectSection(ProjectDependencies) = postProject
		{5885BB13-6D58-4EE3-94C8-A8928F1EAB00} = {5885BB13-6D58-4EE3-94C8-A8928F1EAB00}
		{17F70B8B-9669-4F98-95B0-E98ECA3D6039} = {17F70B8B-9669-4F98-95B0-E98ECA3D6039}
		{684975BF-D264-4429-83F2-6FB31DD36366} = {684975BF-D264-4429-83F2-6FB31DD36366}
	EndProjectSection
EndProject
Project("{8BC9CEB8-8B4A-11D0-8D11-00A0C91BC942}") = "qsub", "projects.VS2008\qsub.vcproj", "{0E69ADD5-5702-47D3-894F-2012CE82F9AF}"
	ProjectSection(ProjectDependencies) = postProject
		{5885BB13-6D58-4EE3-94C8-A8928F1EAB00} = {5885BB13-6D58-4EE3-94C8-A8928F1EAB00}
		{17F70B8B-9669-4F98-95B0-E98ECA3D6039} = {17F70B8B-9669-4F98-95B0-E98ECA3D6039}
		{684975BF-D264-4429-83F2-6FB31DD36366} = {684975BF-D264-4429-83F2-6FB31DD36366}
	EndProjectSection
EndProject
Project("{8BC9CEB8-8B4A-11D0-8D11-00A0C91BC942}") = "qterm", "projects.VS2008\qterm.vcproj", "{9EEC8E4D-7128-43CB-B2CC-2CA99565B5BD}"
	ProjectSection(ProjectDependencies) = postProject
		{5885BB13-6D58-4EE3-94C8-A8928F1EAB00} = {5885BB13-6D58-4EE3-94C8-A8928F1EAB00}
		{17F70B8B-9669-4F98-95B0-E98ECA3D6039} = {17F70B8B-9669-4F98-95B0-E98ECA3D6039}
		{684975BF-D264-4429-83F2-6FB31DD36366} = {684975BF-D264-4429-83F2-6FB31DD36366}
	EndProjectSection
EndProject
Project("{8BC9CEB8-8B4A-11D0-8D11-00A0C91BC942}") = "resmom", "projects.VS2008\resmom.vcproj", "{7CA2FEAC-92CC-44F6-BFC0-3FC946BD72EB}"
	ProjectSection(ProjectDependencies) = postProject
		{5885BB13-6D58-4EE3-94C8-A8928F1EAB00} = {5885BB13-6D58-4EE3-94C8-A8928F1EAB00}
		{17F70B8B-9669-4F98-95B0-E98ECA3D6039} = {17F70B8B-9669-4F98-95B0-E98ECA3D6039}
		{4763CE94-234E-41B6-BAE7-11C42F28C50B} = {4763CE94-234E-41B6-BAE7-11C42F28C50B}
		{DA1B81A6-5928-4719-A849-5C9D0869397C} = {DA1B81A6-5928-4719-A849-5C9D0869397C}
		{684975BF-D264-4429-83F2-6FB31DD36366} = {684975BF-D264-4429-83F2-6FB31DD36366}
		{FEFE98C6-6352-4CF4-A40C-56CA414B15FF} = {FEFE98C6-6352-4CF4-A40C-56CA414B15FF}
		{F3D2A8D5-9A05-47DC-8ADE-8606C65D84D6} = {F3D2A8D5-9A05-47DC-8ADE-8606C65D84D6}
		{625346DC-194A-4E7D-92C4-8F9E10B0BB2A} = {625346DC-194A-4E7D-92C4-8F9E10B0BB2A}
		{4D4DCDE5-C580-44AA-81A9-BAD24437C188} = {4D4DCDE5-C580-44AA-81A9-BAD24437C188}
		{1CE3EDF8-7001-4756-A85B-DF7D0BFF4C52} = {1CE3EDF8-7001-4756-A85B-DF7D0BFF4C52}
	EndProjectSection
EndProject
Project("{8BC9CEB8-8B4A-11D0-8D11-00A0C91BC942}") = "send_job", "projects.VS2008\send_job.vcproj", "{AFF8EE21-3F87-44A1-9E44-D9CC0A496F82}"
	ProjectSection(ProjectDependencies) = postProject
		{5885BB13-6D58-4EE3-94C8-A8928F1EAB00} = {5885BB13-6D58-4EE3-94C8-A8928F1EAB00}
		{A4E48127-8B04-44FD-B57C-5D78579CBAB3} = {A4E48127-8B04-44FD-B57C-5D78579CBAB3}
		{2F37584C-B957-4949-A2EB-A11471AE5FDE} = {2F37584C-B957-4949-A2EB-A11471AE5FDE}
		{854A4D56-A4F4-4C6A-9032-60185CA5B4F2} = {854A4D56-A4F4-4C6A-9032-60185CA5B4F2}
		{17F70B8B-9669-4F98-95B0-E98ECA3D6039} = {17F70B8B-9669-4F98-95B0-E98ECA3D6039}
		{684975BF-D264-4429-83F2-6FB31DD36366} = {684975BF-D264-4429-83F2-6FB31DD36366}
		{FEFE98C6-6352-4CF4-A40C-56CA414B15FF} = {FEFE98C6-6352-4CF4-A40C-56CA414B15FF}
		{625346DC-194A-4E7D-92C4-8F9E10B0BB2A} = {625346DC-194A-4E7D-92C4-8F9E10B0BB2A}
		{4D4DCDE5-C580-44AA-81A9-BAD24437C188} = {4D4DCDE5-C580-44AA-81A9-BAD24437C188}
		{7FCDF2F3-526E-45F2-8F78-7D5BA46C57FE} = {7FCDF2F3-526E-45F2-8F78-7D5BA46C57FE}
		{1CE3EDF8-7001-4756-A85B-DF7D0BFF4C52} = {1CE3EDF8-7001-4756-A85B-DF7D0BFF4C52}
	EndProjectSection
EndProject
Project("{8BC9CEB8-8B4A-11D0-8D11-00A0C91BC942}") = "server", "projects.VS2008\server.vcproj", "{7FCDF2F3-526E-45F2-8F78-7D5BA46C57FE}"
	ProjectSection(ProjectDependencies) = postProject
		{5885BB13-6D58-4EE3-94C8-A8928F1EAB00} = {5885BB13-6D58-4EE3-94C8-A8928F1EAB00}
		{A4E48127-8B04-44FD-B57C-5D78579CBAB3} = {A4E48127-8B04-44FD-B57C-5D78579CBAB3}
		{2F37584C-B957-4949-A2EB-A11471AE5FDE} = {2F37584C-B957-4949-A2EB-A11471AE5FDE}
		{854A4D56-A4F4-4C6A-9032-60185CA5B4F2} = {854A4D56-A4F4-4C6A-9032-60185CA5B4F2}
		{17F70B8B-9669-4F98-95B0-E98ECA3D6039} = {17F70B8B-9669-4F98-95B0-E98ECA3D6039}
		{684975BF-D264-4429-83F2-6FB31DD36366} = {684975BF-D264-4429-83F2-6FB31DD36366}
		{FEFE98C6-6352-4CF4-A40C-56CA414B15FF} = {FEFE98C6-6352-4CF4-A40C-56CA414B15FF}
		{625346DC-194A-4E7D-92C4-8F9E10B0BB2A} = {625346DC-194A-4E7D-92C4-8F9E10B0BB2A}
		{4D4DCDE5-C580-44AA-81A9-BAD24437C188} = {4D4DCDE5-C580-44AA-81A9-BAD24437C188}
		{1CE3EDF8-7001-4756-A85B-DF7D0BFF4C52} = {1CE3EDF8-7001-4756-A85B-DF7D0BFF4C52}
	EndProjectSection
EndProject
Project("{8BC9CEB8-8B4A-11D0-8D11-00A0C91BC942}") = "tracejob", "projects.VS2008\tracejob.vcproj", "{F80F4C0C-C062-4CBC-B269-B4314D255E3F}"
	ProjectSection(ProjectDependencies) = postProject
		{17F70B8B-9669-4F98-95B0-E98ECA3D6039} = {17F70B8B-9669-4F98-95B0-E98ECA3D6039}
		{684975BF-D264-4429-83F2-6FB31DD36366} = {684975BF-D264-4429-83F2-6FB31DD36366}
	EndProjectSection
EndProject
Project("{8BC9CEB8-8B4A-11D0-8D11-00A0C91BC942}") = "pbs_password", "projects.VS2008\pbs_password.vcproj", "{1B3F287F-25C3-4A92-ACE0-4F7ACF1154B4}"
	ProjectSection(ProjectDependencies) = postProject
		{5885BB13-6D58-4EE3-94C8-A8928F1EAB00} = {5885BB13-6D58-4EE3-94C8-A8928F1EAB00}
		{17F70B8B-9669-4F98-95B0-E98ECA3D6039} = {17F70B8B-9669-4F98-95B0-E98ECA3D6039}
		{684975BF-D264-4429-83F2-6FB31DD36366} = {684975BF-D264-4429-83F2-6FB31DD36366}
	EndProjectSection
EndProject
Project("{8BC9CEB8-8B4A-11D0-8D11-00A0C91BC942}") = "pbs_migrate_users", "projects.VS2008\pbs_migrate_users.vcproj", "{10EC1C3B-C339-48DF-845A-0AACF2A9A155}"
	ProjectSection(ProjectDependencies) = postProject
		{5885BB13-6D58-4EE3-94C8-A8928F1EAB00} = {5885BB13-6D58-4EE3-94C8-A8928F1EAB00}
		{17F70B8B-9669-4F98-95B0-E98ECA3D6039} = {17F70B8B-9669-4F98-95B0-E98ECA3D6039}
		{684975BF-D264-4429-83F2-6FB31DD36366} = {684975BF-D264-4429-83F2-6FB31DD36366}
	EndProjectSection
EndProject
Project("{8BC9CEB8-8B4A-11D0-8D11-00A0C91BC942}") = "pbs_account", "projects.VS2008\pbs_account.vcproj", "{6432B35D-EBE7-4AAE-BB7F-B5548173C040}"
	ProjectSection(ProjectDependencies) = postProject
		{684975BF-D264-4429-83F2-6FB31DD36366} = {684975BF-D264-4429-83F2-6FB31DD36366}
	EndProjectSection
EndProject
Project("{8BC9CEB8-8B4A-11D0-8D11-00A0C91BC942}") = "pbs_runas", "projects.VS2008\pbs_runas.vcproj", "{E0D6D5C6-7E07-4520-9FF9-2C92A163E958}"
	ProjectSection(ProjectDependencies) = postProject
		{17F70B8B-9669-4F98-95B0-E98ECA3D6039} = {17F70B8B-9669-4F98-95B0-E98ECA3D6039}
		{684975BF-D264-4429-83F2-6FB31DD36366} = {684975BF-D264-4429-83F2-6FB31DD36366}
	EndProjectSection
EndProject
Project("{8BC9CEB8-8B4A-11D0-8D11-00A0C91BC942}") = "Libpbsaif", "projects.VS2008\Libpbsaif.vcproj", "{FA0B1968-F06C-4CE0-A184-3BC7B0A86CB1}"
	ProjectSection(ProjectDependencies) = postProject
		{4F776873-F1FB-4299-B3D5-394AF05BAA73} = {4F776873-F1FB-4299-B3D5-394AF05BAA73}
		{684975BF-D264-4429-83F2-6FB31DD36366} = {684975BF-D264-4429-83F2-6FB31DD36366}
		{FEFE98C6-6352-4CF4-A40C-56CA414B15FF} = {FEFE98C6-6352-4CF4-A40C-56CA414B15FF}
		{1CE3EDF8-7001-4756-A85B-DF7D0BFF4C52} = {1CE3EDF8-7001-4756-A85B-DF7D0BFF4C52}
	EndProjectSection
EndProject
Project("{8BC9CEB8-8B4A-11D0-8D11-00A0C91BC942}") = "Libutil", "projects.VS2008\Libutil.vcproj", "{625346DC-194A-4E7D-92C4-8F9E10B0BB2A}"
	ProjectSection(ProjectDependencies) = postProject
		{0B889879-456F-4F8E-A15E-3C0A7BBF3B25} = {0B889879-456F-4F8E-A15E-3C0A7BBF3B25}
	EndProjectSection
EndProject
Project("{8BC9CEB8-8B4A-11D0-8D11-00A0C91BC942}") = "Libpbspython", "projects.VS2008\Libpbspython.vcproj", "{2F37584C-B957-4949-A2EB-A11471AE5FDE}"
EndProject
Project("{8BC9CEB8-8B4A-11D0-8D11-00A0C91BC942}") = "Libpbspython_svr", "projects.VS2008\Libpbspython_svr.vcproj", "{854A4D56-A4F4-4C6A-9032-60185CA5B4F2}"
EndProject
Project("{8BC9CEB8-8B4A-11D0-8D11-00A0C91BC942}") = "Libpbspthread", "projects.VS2008\libpbspthread.vcproj", "{4F776873-F1FB-4299-B3D5-394AF05BAA73}"
EndProject
Project("{8BC9CEB8-8B4A-11D0-8D11-00A0C91BC942}") = "start_provision", "projects.VS2008\start_provision.vcproj", "{BF2A5A2C-AA2A-4F42-9A3E-FE97E02A4B2E}"
	ProjectSection(ProjectDependencies) = postProject
		{5885BB13-6D58-4EE3-94C8-A8928F1EAB00} = {5885BB13-6D58-4EE3-94C8-A8928F1EAB00}
		{A4E48127-8B04-44FD-B57C-5D78579CBAB3} = {A4E48127-8B04-44FD-B57C-5D78579CBAB3}
		{2F37584C-B957-4949-A2EB-A11471AE5FDE} = {2F37584C-B957-4949-A2EB-A11471AE5FDE}
		{854A4D56-A4F4-4C6A-9032-60185CA5B4F2} = {854A4D56-A4F4-4C6A-9032-60185CA5B4F2}
		{17F70B8B-9669-4F98-95B0-E98ECA3D6039} = {17F70B8B-9669-4F98-95B0-E98ECA3D6039}
		{684975BF-D264-4429-83F2-6FB31DD36366} = {684975BF-D264-4429-83F2-6FB31DD36366}
		{FEFE98C6-6352-4CF4-A40C-56CA414B15FF} = {FEFE98C6-6352-4CF4-A40C-56CA414B15FF}
		{625346DC-194A-4E7D-92C4-8F9E10B0BB2A} = {625346DC-194A-4E7D-92C4-8F9E10B0BB2A}
		{4D4DCDE5-C580-44AA-81A9-BAD24437C188} = {4D4DCDE5-C580-44AA-81A9-BAD24437C188}
		{7FCDF2F3-526E-45F2-8F78-7D5BA46C57FE} = {7FCDF2F3-526E-45F2-8F78-7D5BA46C57FE}
		{1CE3EDF8-7001-4756-A85B-DF7D0BFF4C52} = {1CE3EDF8-7001-4756-A85B-DF7D0BFF4C52}
	EndProjectSection
EndProject
Project("{8BC9CEB8-8B4A-11D0-8D11-00A0C91BC942}") = "pbs_python", "projects.VS2008\pbs_python.vcproj", "{F51ABB4F-2E76-44EF-9091-3DA6AF344DF8}"
	ProjectSection(ProjectDependencies) = postProject
		{2F37584C-B957-4949-A2EB-A11471AE5FDE} = {2F37584C-B957-4949-A2EB-A11471AE5FDE}
		{854A4D56-A4F4-4C6A-9032-60185CA5B4F2} = {854A4D56-A4F4-4C6A-9032-60185CA5B4F2}
		{684975BF-D264-4429-83F2-6FB31DD36366} = {684975BF-D264-4429-83F2-6FB31DD36366}
		{625346DC-194A-4E7D-92C4-8F9E10B0BB2A} = {625346DC-194A-4E7D-92C4-8F9E10B0BB2A}
	EndProjectSection
EndProject
Project("{8BC9CEB8-8B4A-11D0-8D11-00A0C91BC942}") = "Libdb", "projects.VS2008\Libdb.vcproj", "{A4E48127-8B04-44FD-B57C-5D78579CBAB3}"
EndProject
Project("{8BC9CEB8-8B4A-11D0-8D11-00A0C91BC942}") = "pbs_ds_password", "projects.VS2008\pbs_ds_password.vcproj", "{A9D928C7-3D26-49A8-811A-49F7BF975FCF}"
	ProjectSection(ProjectDependencies) = postProject
		{5885BB13-6D58-4EE3-94C8-A8928F1EAB00} = {5885BB13-6D58-4EE3-94C8-A8928F1EAB00}
		{A4E48127-8B04-44FD-B57C-5D78579CBAB3} = {A4E48127-8B04-44FD-B57C-5D78579CBAB3}
		{17F70B8B-9669-4F98-95B0-E98ECA3D6039} = {17F70B8B-9669-4F98-95B0-E98ECA3D6039}
		{684975BF-D264-4429-83F2-6FB31DD36366} = {684975BF-D264-4429-83F2-6FB31DD36366}
		{1CE3EDF8-7001-4756-A85B-DF7D0BFF4C52} = {1CE3EDF8-7001-4756-A85B-DF7D0BFF4C52}
	EndProjectSection
EndProject
Project("{8BC9CEB8-8B4A-11D0-8D11-00A0C91BC942}") = "printjob_svr", "projects.VS2008\printjob_svr.vcproj", "{72D44C4E-BDDE-46C5-80B5-4CD327183B52}"
	ProjectSection(ProjectDependencies) = postProject
		{5885BB13-6D58-4EE3-94C8-A8928F1EAB00} = {5885BB13-6D58-4EE3-94C8-A8928F1EAB00}
		{A4E48127-8B04-44FD-B57C-5D78579CBAB3} = {A4E48127-8B04-44FD-B57C-5D78579CBAB3}
		{17F70B8B-9669-4F98-95B0-E98ECA3D6039} = {17F70B8B-9669-4F98-95B0-E98ECA3D6039}
		{684975BF-D264-4429-83F2-6FB31DD36366} = {684975BF-D264-4429-83F2-6FB31DD36366}
	EndProjectSection
EndProject
Project("{8BC9CEB8-8B4A-11D0-8D11-00A0C91BC942}") = "Libtpp", "projects.VS2008\Libtpp.vcproj", "{6009CF00-EF0F-44CA-9995-33328F067904}"
	ProjectSection(ProjectDependencies) = postProject
		{4F776873-F1FB-4299-B3D5-394AF05BAA73} = {4F776873-F1FB-4299-B3D5-394AF05BAA73}
		{625346DC-194A-4E7D-92C4-8F9E10B0BB2A} = {625346DC-194A-4E7D-92C4-8F9E10B0BB2A}
	EndProjectSection
EndProject
Project("{8BC9CEB8-8B4A-11D0-8D11-00A0C91BC942}") = "pbs_comm", "projects.VS2008\pbs_comm.vcproj", "{2B03EE10-A385-4045-BDA8-0FD736838829}"
	ProjectSection(ProjectDependencies) = postProject
		{5885BB13-6D58-4EE3-94C8-A8928F1EAB00} = {5885BB13-6D58-4EE3-94C8-A8928F1EAB00}
		{17F70B8B-9669-4F98-95B0-E98ECA3D6039} = {17F70B8B-9669-4F98-95B0-E98ECA3D6039}
		{684975BF-D264-4429-83F2-6FB31DD36366} = {684975BF-D264-4429-83F2-6FB31DD36366}
		{625346DC-194A-4E7D-92C4-8F9E10B0BB2A} = {625346DC-194A-4E7D-92C4-8F9E10B0BB2A}
		{1CE3EDF8-7001-4756-A85B-DF7D0BFF4C52} = {1CE3EDF8-7001-4756-A85B-DF7D0BFF4C52}
	EndProjectSection
EndProject
Project("{8BC9CEB8-8B4A-11D0-8D11-00A0C91BC942}") = "pbs_ds_monitor", "projects.VS2008\pbs_ds_monitor.vcproj", "{48E43423-5316-4D29-B869-D29B6C33ACEA}"
	ProjectSection(ProjectDependencies) = postProject
		{5885BB13-6D58-4EE3-94C8-A8928F1EAB00} = {5885BB13-6D58-4EE3-94C8-A8928F1EAB00}
		{A4E48127-8B04-44FD-B57C-5D78579CBAB3} = {A4E48127-8B04-44FD-B57C-5D78579CBAB3}
		{684975BF-D264-4429-83F2-6FB31DD36366} = {684975BF-D264-4429-83F2-6FB31DD36366}
	EndProjectSection
EndProject
Project("{8BC9CEB8-8B4A-11D0-8D11-00A0C91BC942}") = "pbs_idled", "projects.VS2008\pbs_idled.vcproj", "{F3D2A8D5-9A05-47DC-8ADE-8606C65D84D6}"
	ProjectSection(ProjectDependencies) = postProject
		{17F70B8B-9669-4F98-95B0-E98ECA3D6039} = {17F70B8B-9669-4F98-95B0-E98ECA3D6039}
		{684975BF-D264-4429-83F2-6FB31DD36366} = {684975BF-D264-4429-83F2-6FB31DD36366}
	EndProjectSection
EndProject
Project("{8BC9CEB8-8B4A-11D0-8D11-00A0C91BC942}") = "pbs_interactive", "projects.VS2008\pbs_interactive.vcproj", "{DA1B81A6-5928-4719-A849-5C9D0869397C}"
	ProjectSection(ProjectDependencies) = postProject
		{684975BF-D264-4429-83F2-6FB31DD36366} = {684975BF-D264-4429-83F2-6FB31DD36366}
		{F3D2A8D5-9A05-47DC-8ADE-8606C65D84D6} = {F3D2A8D5-9A05-47DC-8ADE-8606C65D84D6}
	EndProjectSection
EndProject
Project("{8BC9CEB8-8B4A-11D0-8D11-00A0C91BC942}") = "send_hooks", "projects.VS2008\send_hooks.vcproj", "{4CC82B48-411A-45AB-BDF5-093CAE054EDD}"
	ProjectSection(ProjectDependencies) = postProject
		{5885BB13-6D58-4EE3-94C8-A8928F1EAB00} = {5885BB13-6D58-4EE3-94C8-A8928F1EAB00}
		{A4E48127-8B04-44FD-B57C-5D78579CBAB3} = {A4E48127-8B04-44FD-B57C-5D78579CBAB3}
		{2F37584C-B957-4949-A2EB-A11471AE5FDE} = {2F37584C-B957-4949-A2EB-A11471AE5FDE}
		{854A4D56-A4F4-4C6A-9032-60185CA5B4F2} = {854A4D56-A4F4-4C6A-9032-60185CA5B4F2}
		{4F776873-F1FB-4299-B3D5-394AF05BAA73} = {4F776873-F1FB-4299-B3D5-394AF05BAA73}
		{17F70B8B-9669-4F98-95B0-E98ECA3D6039} = {17F70B8B-9669-4F98-95B0-E98ECA3D6039}
		{684975BF-D264-4429-83F2-6FB31DD36366} = {684975BF-D264-4429-83F2-6FB31DD36366}
		{625346DC-194A-4E7D-92C4-8F9E10B0BB2A} = {625346DC-194A-4E7D-92C4-8F9E10B0BB2A}
		{4D4DCDE5-C580-44AA-81A9-BAD24437C188} = {4D4DCDE5-C580-44AA-81A9-BAD24437C188}
		{7FCDF2F3-526E-45F2-8F78-7D5BA46C57FE} = {7FCDF2F3-526E-45F2-8F78-7D5BA46C57FE}
		{1CE3EDF8-7001-4756-A85B-DF7D0BFF4C52} = {1CE3EDF8-7001-4756-A85B-DF7D0BFF4C52}
	EndProjectSection
EndProject
Project("{8BC9CEB8-8B4A-11D0-8D11-00A0C91BC942}") = "pbs_attach", "projects.VS2008\pbs_attach.vcproj", "{F464CA3A-E220-4FB9-99B0-62712C471760}"
	ProjectSection(ProjectDependencies) = postProject
		{5885BB13-6D58-4EE3-94C8-A8928F1EAB00} = {5885BB13-6D58-4EE3-94C8-A8928F1EAB00}
		{17F70B8B-9669-4F98-95B0-E98ECA3D6039} = {17F70B8B-9669-4F98-95B0-E98ECA3D6039}
		{684975BF-D264-4429-83F2-6FB31DD36366} = {684975BF-D264-4429-83F2-6FB31DD36366}
	EndProjectSection
EndProject
Project("{8BC9CEB8-8B4A-11D0-8D11-00A0C91BC942}") = "pbs_demux", "projects.VS2008\pbs_demux.vcproj", "{727D5420-0475-4ED9-BD99-5D28F649ED71}"
	ProjectSection(ProjectDependencies) = postProject
		{5885BB13-6D58-4EE3-94C8-A8928F1EAB00} = {5885BB13-6D58-4EE3-94C8-A8928F1EAB00}
		{17F70B8B-9669-4F98-95B0-E98ECA3D6039} = {17F70B8B-9669-4F98-95B0-E98ECA3D6039}
		{684975BF-D264-4429-83F2-6FB31DD36366} = {684975BF-D264-4429-83F2-6FB31DD36366}
	EndProjectSection
EndProject
Project("{8BC9CEB8-8B4A-11D0-8D11-00A0C91BC942}") = "pbs_open_demux", "projects.VS2008\pbs_open_demux.vcproj", "{7EA8F359-05E2-42B9-B1EA-4203EB691FFD}"
	ProjectSection(ProjectDependencies) = postProject
		{684975BF-D264-4429-83F2-6FB31DD36366} = {684975BF-D264-4429-83F2-6FB31DD36366}
	EndProjectSection
EndProject
Project("{8BC9CEB8-8B4A-11D0-8D11-00A0C91BC942}") = "mom_interactive_shell", "projects.VS2008\mom_interactive_shell.vcproj", "{D2013261-7A8C-448D-B0CF-469742AB587D}"
	ProjectSection(ProjectDependencies) = postProject
		{17F70B8B-9669-4F98-95B0-E98ECA3D6039} = {17F70B8B-9669-4F98-95B0-E98ECA3D6039}
		{684975BF-D264-4429-83F2-6FB31DD36366} = {684975BF-D264-4429-83F2-6FB31DD36366}
	EndProjectSection
EndProject
Project("{8BC9CEB8-8B4A-11D0-8D11-00A0C91BC942}") = "stage_file_win", "projects.VS2008\stage_file_win.vcproj", "{4763CE94-234E-41B6-BAE7-11C42F28C50B}"
	ProjectSection(ProjectDependencies) = postProject
		{5885BB13-6D58-4EE3-94C8-A8928F1EAB00} = {5885BB13-6D58-4EE3-94C8-A8928F1EAB00}
		{17F70B8B-9669-4F98-95B0-E98ECA3D6039} = {17F70B8B-9669-4F98-95B0-E98ECA3D6039}
		{684975BF-D264-4429-83F2-6FB31DD36366} = {684975BF-D264-4429-83F2-6FB31DD36366}
		{1CE3EDF8-7001-4756-A85B-DF7D0BFF4C52} = {1CE3EDF8-7001-4756-A85B-DF7D0BFF4C52}
	EndProjectSection
EndProject
Project("{8BC9CEB8-8B4A-11D0-8D11-00A0C91BC942}") = "pbs_ralter", "projects.VS2008\pbs_ralter.vcproj", "{4E55FFE4-8D5F-4D0A-9385-9FC45BDA33C9}"
	ProjectSection(ProjectDependencies) = postProject
		{5885BB13-6D58-4EE3-94C8-A8928F1EAB00} = {5885BB13-6D58-4EE3-94C8-A8928F1EAB00}
		{17F70B8B-9669-4F98-95B0-E98ECA3D6039} = {17F70B8B-9669-4F98-95B0-E98ECA3D6039}
		{684975BF-D264-4429-83F2-6FB31DD36366} = {684975BF-D264-4429-83F2-6FB31DD36366}
	EndProjectSection
EndProject
Project("{8BC9CEB8-8B4A-11D0-8D11-00A0C91BC942}") = "scheduler", "projects.VS2008\scheduler.vcproj", "{49307715-24A5-47FF-AE7A-A3463E997F39}"
	ProjectSection(ProjectDependencies) = postProject
		{5885BB13-6D58-4EE3-94C8-A8928F1EAB00} = {5885BB13-6D58-4EE3-94C8-A8928F1EAB00}
		{17F70B8B-9669-4F98-95B0-E98ECA3D6039} = {17F70B8B-9669-4F98-95B0-E98ECA3D6039}
		{684975BF-D264-4429-83F2-6FB31DD36366} = {684975BF-D264-4429-83F2-6FB31DD36366}
		{625346DC-194A-4E7D-92C4-8F9E10B0BB2A} = {625346DC-194A-4E7D-92C4-8F9E10B0BB2A}
		{1CE3EDF8-7001-4756-A85B-DF7D0BFF4C52} = {1CE3EDF8-7001-4756-A85B-DF7D0BFF4C52}
	EndProjectSection
EndProject
Project("{8BC9CEB8-8B4A-11D0-8D11-00A0C91BC942}") = "svr_periodic_hook", "projects.VS2008\svr_periodic_hook.vcproj", "{4BA7EB6D-B059-4B39-84F0-66057499EE6D}"
	ProjectSection(ProjectDependencies) = postProject
		{5885BB13-6D58-4EE3-94C8-A8928F1EAB00} = {5885BB13-6D58-4EE3-94C8-A8928F1EAB00}
		{A4E48127-8B04-44FD-B57C-5D78579CBAB3} = {A4E48127-8B04-44FD-B57C-5D78579CBAB3}
		{2F37584C-B957-4949-A2EB-A11471AE5FDE} = {2F37584C-B957-4949-A2EB-A11471AE5FDE}
		{854A4D56-A4F4-4C6A-9032-60185CA5B4F2} = {854A4D56-A4F4-4C6A-9032-60185CA5B4F2}
		{17F70B8B-9669-4F98-95B0-E98ECA3D6039} = {17F70B8B-9669-4F98-95B0-E98ECA3D6039}
		{684975BF-D264-4429-83F2-6FB31DD36366} = {684975BF-D264-4429-83F2-6FB31DD36366}
		{FEFE98C6-6352-4CF4-A40C-56CA414B15FF} = {FEFE98C6-6352-4CF4-A40C-56CA414B15FF}
		{625346DC-194A-4E7D-92C4-8F9E10B0BB2A} = {625346DC-194A-4E7D-92C4-8F9E10B0BB2A}
		{4D4DCDE5-C580-44AA-81A9-BAD24437C188} = {4D4DCDE5-C580-44AA-81A9-BAD24437C188}
		{7FCDF2F3-526E-45F2-8F78-7D5BA46C57FE} = {7FCDF2F3-526E-45F2-8F78-7D5BA46C57FE}
		{1CE3EDF8-7001-4756-A85B-DF7D0BFF4C52} = {1CE3EDF8-7001-4756-A85B-DF7D0BFF4C52}
	EndProjectSection
EndProject
Project("{8BC9CEB8-8B4A-11D0-8D11-00A0C91BC942}") = "pbs_release_nodes", "projects.VS2008\pbs_release_nodes.vcproj", "{AA00D215-116C-406D-82C5-32E894A1D0D9}"
	ProjectSection(ProjectDependencies) = postProject
		{5885BB13-6D58-4EE3-94C8-A8928F1EAB00} = {5885BB13-6D58-4EE3-94C8-A8928F1EAB00}
		{17F70B8B-9669-4F98-95B0-E98ECA3D6039} = {17F70B8B-9669-4F98-95B0-E98ECA3D6039}
		{684975BF-D264-4429-83F2-6FB31DD36366} = {684975BF-D264-4429-83F2-6FB31DD36366}
	EndProjectSection
EndProject
Global
	GlobalSection(SolutionConfigurationPlatforms) = preSolution
		Debug|Win32 = Debug|Win32
		Release|Win32 = Release|Win32
	EndGlobalSection
	GlobalSection(ProjectConfigurationPlatforms) = postSolution
		{FEFE98C6-6352-4CF4-A40C-56CA414B15FF}.Debug|Win32.ActiveCfg = Debug|Win32
		{FEFE98C6-6352-4CF4-A40C-56CA414B15FF}.Debug|Win32.Build.0 = Debug|Win32
		{FEFE98C6-6352-4CF4-A40C-56CA414B15FF}.Release|Win32.ActiveCfg = Release|Win32
		{FEFE98C6-6352-4CF4-A40C-56CA414B15FF}.Release|Win32.Build.0 = Release|Win32
		{17F70B8B-9669-4F98-95B0-E98ECA3D6039}.Debug|Win32.ActiveCfg = Debug|Win32
		{17F70B8B-9669-4F98-95B0-E98ECA3D6039}.Debug|Win32.Build.0 = Debug|Win32
		{17F70B8B-9669-4F98-95B0-E98ECA3D6039}.Release|Win32.ActiveCfg = Release|Win32
		{17F70B8B-9669-4F98-95B0-E98ECA3D6039}.Release|Win32.Build.0 = Release|Win32
		{1CE3EDF8-7001-4756-A85B-DF7D0BFF4C52}.Debug|Win32.ActiveCfg = Debug|Win32
		{1CE3EDF8-7001-4756-A85B-DF7D0BFF4C52}.Debug|Win32.Build.0 = Debug|Win32
		{1CE3EDF8-7001-4756-A85B-DF7D0BFF4C52}.Release|Win32.ActiveCfg = Release|Win32
		{1CE3EDF8-7001-4756-A85B-DF7D0BFF4C52}.Release|Win32.Build.0 = Release|Win32
		{4D4DCDE5-C580-44AA-81A9-BAD24437C188}.Debug|Win32.ActiveCfg = Debug|Win32
		{4D4DCDE5-C580-44AA-81A9-BAD24437C188}.Debug|Win32.Build.0 = Debug|Win32
		{4D4DCDE5-C580-44AA-81A9-BAD24437C188}.Release|Win32.ActiveCfg = Release|Win32
		{4D4DCDE5-C580-44AA-81A9-BAD24437C188}.Release|Win32.Build.0 = Release|Win32
		{684975BF-D264-4429-83F2-6FB31DD36366}.Debug|Win32.ActiveCfg = Debug|Win32
		{684975BF-D264-4429-83F2-6FB31DD36366}.Debug|Win32.Build.0 = Debug|Win32
		{684975BF-D264-4429-83F2-6FB31DD36366}.Release|Win32.ActiveCfg = Release|Win32
		{684975BF-D264-4429-83F2-6FB31DD36366}.Release|Win32.Build.0 = Release|Win32
		{5885BB13-6D58-4EE3-94C8-A8928F1EAB00}.Debug|Win32.ActiveCfg = Debug|Win32
		{5885BB13-6D58-4EE3-94C8-A8928F1EAB00}.Debug|Win32.Build.0 = Debug|Win32
		{5885BB13-6D58-4EE3-94C8-A8928F1EAB00}.Release|Win32.ActiveCfg = Release|Win32
		{5885BB13-6D58-4EE3-94C8-A8928F1EAB00}.Release|Win32.Build.0 = Release|Win32
		{B2BB4CD7-ED1F-4357-9567-900148F4CC05}.Debug|Win32.ActiveCfg = Debug|Win32
		{B2BB4CD7-ED1F-4357-9567-900148F4CC05}.Debug|Win32.Build.0 = Debug|Win32
		{B2BB4CD7-ED1F-4357-9567-900148F4CC05}.Release|Win32.ActiveCfg = Release|Win32
		{B2BB4CD7-ED1F-4357-9567-900148F4CC05}.Release|Win32.Build.0 = Release|Win32
		{F51E4E9E-E01A-40DD-9417-9D34D7DBE41D}.Debug|Win32.ActiveCfg = Debug|Win32
		{F51E4E9E-E01A-40DD-9417-9D34D7DBE41D}.Debug|Win32.Build.0 = Debug|Win32
		{F51E4E9E-E01A-40DD-9417-9D34D7DBE41D}.Release|Win32.ActiveCfg = Release|Win32
		{F51E4E9E-E01A-40DD-9417-9D34D7DBE41D}.Release|Win32.Build.0 = Release|Win32
		{1361D597-B39B-427D-86E1-D1591261A67F}.Debug|Win32.ActiveCfg = Debug|Win32
		{1361D597-B39B-427D-86E1-D1591261A67F}.Debug|Win32.Build.0 = Debug|Win32
		{1361D597-B39B-427D-86E1-D1591261A67F}.Release|Win32.ActiveCfg = Release|Win32
		{1361D597-B39B-427D-86E1-D1591261A67F}.Release|Win32.Build.0 = Release|Win32
		{0B889879-456F-4F8E-A15E-3C0A7BBF3B25}.Debug|Win32.ActiveCfg = Debug|Win32
		{0B889879-456F-4F8E-A15E-3C0A7BBF3B25}.Debug|Win32.Build.0 = Debug|Win32
		{0B889879-456F-4F8E-A15E-3C0A7BBF3B25}.Release|Win32.ActiveCfg = Release|Win32
		{0B889879-456F-4F8E-A15E-3C0A7BBF3B25}.Release|Win32.Build.0 = Release|Win32
		{7D5D5149-65B9-4AC7-8F4D-7A8920AEA443}.Debug|Win32.ActiveCfg = Debug|Win32
		{7D5D5149-65B9-4AC7-8F4D-7A8920AEA443}.Debug|Win32.Build.0 = Debug|Win32
		{7D5D5149-65B9-4AC7-8F4D-7A8920AEA443}.Release|Win32.ActiveCfg = Release|Win32
		{7D5D5149-65B9-4AC7-8F4D-7A8920AEA443}.Release|Win32.Build.0 = Release|Win32
		{A56A5DF3-2D4C-4DF5-B958-0CD6D1FCC663}.Debug|Win32.ActiveCfg = Debug|Win32
		{A56A5DF3-2D4C-4DF5-B958-0CD6D1FCC663}.Debug|Win32.Build.0 = Debug|Win32
		{A56A5DF3-2D4C-4DF5-B958-0CD6D1FCC663}.Release|Win32.ActiveCfg = Release|Win32
		{A56A5DF3-2D4C-4DF5-B958-0CD6D1FCC663}.Release|Win32.Build.0 = Release|Win32
		{D7DA6B5B-D573-4175-9B19-3C16EACA0524}.Debug|Win32.ActiveCfg = Debug|Win32
		{D7DA6B5B-D573-4175-9B19-3C16EACA0524}.Debug|Win32.Build.0 = Debug|Win32
		{D7DA6B5B-D573-4175-9B19-3C16EACA0524}.Release|Win32.ActiveCfg = Release|Win32
		{D7DA6B5B-D573-4175-9B19-3C16EACA0524}.Release|Win32.Build.0 = Release|Win32
		{264B800A-8304-4991-8478-471A559A4619}.Debug|Win32.ActiveCfg = Debug|Win32
		{264B800A-8304-4991-8478-471A559A4619}.Debug|Win32.Build.0 = Debug|Win32
		{264B800A-8304-4991-8478-471A559A4619}.Release|Win32.ActiveCfg = Release|Win32
		{264B800A-8304-4991-8478-471A559A4619}.Release|Win32.Build.0 = Release|Win32
		{CD899647-0BF9-421A-B8F5-FF47357CDC43}.Debug|Win32.ActiveCfg = Debug|Win32
		{CD899647-0BF9-421A-B8F5-FF47357CDC43}.Debug|Win32.Build.0 = Debug|Win32
		{CD899647-0BF9-421A-B8F5-FF47357CDC43}.Release|Win32.ActiveCfg = Release|Win32
		{CD899647-0BF9-421A-B8F5-FF47357CDC43}.Release|Win32.Build.0 = Release|Win32
		{C0810277-2793-481C-80BA-48CE3BE00C7F}.Debug|Win32.ActiveCfg = Debug|Win32
		{C0810277-2793-481C-80BA-48CE3BE00C7F}.Debug|Win32.Build.0 = Debug|Win32
		{C0810277-2793-481C-80BA-48CE3BE00C7F}.Release|Win32.ActiveCfg = Release|Win32
		{C0810277-2793-481C-80BA-48CE3BE00C7F}.Release|Win32.Build.0 = Release|Win32
		{B8A5588B-95D1-4280-A3DB-ABEF6066B16B}.Debug|Win32.ActiveCfg = Debug|Win32
		{B8A5588B-95D1-4280-A3DB-ABEF6066B16B}.Debug|Win32.Build.0 = Debug|Win32
		{B8A5588B-95D1-4280-A3DB-ABEF6066B16B}.Release|Win32.ActiveCfg = Release|Win32
		{B8A5588B-95D1-4280-A3DB-ABEF6066B16B}.Release|Win32.Build.0 = Release|Win32
		{3CAD7B44-AC3F-45F2-BC21-A9DECF1B0740}.Debug|Win32.ActiveCfg = Debug|Win32
		{3CAD7B44-AC3F-45F2-BC21-A9DECF1B0740}.Debug|Win32.Build.0 = Debug|Win32
		{3CAD7B44-AC3F-45F2-BC21-A9DECF1B0740}.Release|Win32.ActiveCfg = Release|Win32
		{3CAD7B44-AC3F-45F2-BC21-A9DECF1B0740}.Release|Win32.Build.0 = Release|Win32
		{B088A0F1-E13B-4823-9795-2DF9F54AC37B}.Debug|Win32.ActiveCfg = Debug|Win32
		{B088A0F1-E13B-4823-9795-2DF9F54AC37B}.Debug|Win32.Build.0 = Debug|Win32
		{B088A0F1-E13B-4823-9795-2DF9F54AC37B}.Release|Win32.ActiveCfg = Release|Win32
		{B088A0F1-E13B-4823-9795-2DF9F54AC37B}.Release|Win32.Build.0 = Release|Win32
		{77584F01-A255-419C-A2AB-486F51BE978A}.Debug|Win32.ActiveCfg = Debug|Win32
		{77584F01-A255-419C-A2AB-486F51BE978A}.Debug|Win32.Build.0 = Debug|Win32
		{77584F01-A255-419C-A2AB-486F51BE978A}.Release|Win32.ActiveCfg = Release|Win32
		{77584F01-A255-419C-A2AB-486F51BE978A}.Release|Win32.Build.0 = Release|Win32
		{A33D864F-C99F-49FA-952A-9412E4F6F36A}.Debug|Win32.ActiveCfg = Debug|Win32
		{A33D864F-C99F-49FA-952A-9412E4F6F36A}.Debug|Win32.Build.0 = Debug|Win32
		{A33D864F-C99F-49FA-952A-9412E4F6F36A}.Release|Win32.ActiveCfg = Release|Win32
		{A33D864F-C99F-49FA-952A-9412E4F6F36A}.Release|Win32.Build.0 = Release|Win32
		{0D781726-DE3F-43DE-8BF5-72D96CD0EF62}.Debug|Win32.ActiveCfg = Debug|Win32
		{0D781726-DE3F-43DE-8BF5-72D96CD0EF62}.Debug|Win32.Build.0 = Debug|Win32
		{0D781726-DE3F-43DE-8BF5-72D96CD0EF62}.Release|Win32.ActiveCfg = Release|Win32
		{0D781726-DE3F-43DE-8BF5-72D96CD0EF62}.Release|Win32.Build.0 = Release|Win32
		{676B9BE3-A5D1-4B35-A379-7260CEB5038C}.Debug|Win32.ActiveCfg = Debug|Win32
		{676B9BE3-A5D1-4B35-A379-7260CEB5038C}.Debug|Win32.Build.0 = Debug|Win32
		{676B9BE3-A5D1-4B35-A379-7260CEB5038C}.Release|Win32.ActiveCfg = Release|Win32
		{676B9BE3-A5D1-4B35-A379-7260CEB5038C}.Release|Win32.Build.0 = Release|Win32
		{EEE5479C-60E8-4E49-9545-B5C370542319}.Debug|Win32.ActiveCfg = Debug|Win32
		{EEE5479C-60E8-4E49-9545-B5C370542319}.Debug|Win32.Build.0 = Debug|Win32
		{EEE5479C-60E8-4E49-9545-B5C370542319}.Release|Win32.ActiveCfg = Release|Win32
		{EEE5479C-60E8-4E49-9545-B5C370542319}.Release|Win32.Build.0 = Release|Win32
		{DAAFF6E7-7D33-41DF-9F3E-EA2072930662}.Debug|Win32.ActiveCfg = Debug|Win32
		{DAAFF6E7-7D33-41DF-9F3E-EA2072930662}.Debug|Win32.Build.0 = Debug|Win32
		{DAAFF6E7-7D33-41DF-9F3E-EA2072930662}.Release|Win32.ActiveCfg = Release|Win32
		{DAAFF6E7-7D33-41DF-9F3E-EA2072930662}.Release|Win32.Build.0 = Release|Win32
		{48EF9E38-99FC-477B-8023-83FD79132A9C}.Debug|Win32.ActiveCfg = Debug|Win32
		{48EF9E38-99FC-477B-8023-83FD79132A9C}.Debug|Win32.Build.0 = Debug|Win32
		{48EF9E38-99FC-477B-8023-83FD79132A9C}.Release|Win32.ActiveCfg = Release|Win32
		{48EF9E38-99FC-477B-8023-83FD79132A9C}.Release|Win32.Build.0 = Release|Win32
		{8E4BC0DA-2E98-4E4C-88E2-A2ECF49E8179}.Debug|Win32.ActiveCfg = Debug|Win32
		{8E4BC0DA-2E98-4E4C-88E2-A2ECF49E8179}.Debug|Win32.Build.0 = Debug|Win32
		{8E4BC0DA-2E98-4E4C-88E2-A2ECF49E8179}.Release|Win32.ActiveCfg = Release|Win32
		{8E4BC0DA-2E98-4E4C-88E2-A2ECF49E8179}.Release|Win32.Build.0 = Release|Win32
		{65520976-F16D-4E78-B505-29D0C92C1461}.Debug|Win32.ActiveCfg = Debug|Win32
		{65520976-F16D-4E78-B505-29D0C92C1461}.Debug|Win32.Build.0 = Debug|Win32
		{65520976-F16D-4E78-B505-29D0C92C1461}.Release|Win32.ActiveCfg = Release|Win32
		{65520976-F16D-4E78-B505-29D0C92C1461}.Release|Win32.Build.0 = Release|Win32
		{D478B38D-C4DF-47D8-B16A-23E48472115D}.Debug|Win32.ActiveCfg = Debug|Win32
		{D478B38D-C4DF-47D8-B16A-23E48472115D}.Debug|Win32.Build.0 = Debug|Win32
		{D478B38D-C4DF-47D8-B16A-23E48472115D}.Release|Win32.ActiveCfg = Release|Win32
		{D478B38D-C4DF-47D8-B16A-23E48472115D}.Release|Win32.Build.0 = Release|Win32
		{D8DCF8C0-6BDF-4EBF-AE1C-D77355A0F24E}.Debug|Win32.ActiveCfg = Debug|Win32
		{D8DCF8C0-6BDF-4EBF-AE1C-D77355A0F24E}.Debug|Win32.Build.0 = Debug|Win32
		{D8DCF8C0-6BDF-4EBF-AE1C-D77355A0F24E}.Release|Win32.ActiveCfg = Release|Win32
		{D8DCF8C0-6BDF-4EBF-AE1C-D77355A0F24E}.Release|Win32.Build.0 = Release|Win32
		{25A740B9-D005-439A-82C5-DE2D186A8FDF}.Debug|Win32.ActiveCfg = Debug|Win32
		{25A740B9-D005-439A-82C5-DE2D186A8FDF}.Debug|Win32.Build.0 = Debug|Win32
		{25A740B9-D005-439A-82C5-DE2D186A8FDF}.Release|Win32.ActiveCfg = Release|Win32
		{25A740B9-D005-439A-82C5-DE2D186A8FDF}.Release|Win32.Build.0 = Release|Win32
		{9FF2FE7B-F391-46C2-9C09-ECA99AD82925}.Debug|Win32.ActiveCfg = Debug|Win32
		{9FF2FE7B-F391-46C2-9C09-ECA99AD82925}.Debug|Win32.Build.0 = Debug|Win32
		{9FF2FE7B-F391-46C2-9C09-ECA99AD82925}.Release|Win32.ActiveCfg = Release|Win32
		{9FF2FE7B-F391-46C2-9C09-ECA99AD82925}.Release|Win32.Build.0 = Release|Win32
		{29333F7A-A3A1-425B-A328-9D5D55601C35}.Debug|Win32.ActiveCfg = Debug|Win32
		{29333F7A-A3A1-425B-A328-9D5D55601C35}.Debug|Win32.Build.0 = Debug|Win32
		{29333F7A-A3A1-425B-A328-9D5D55601C35}.Release|Win32.ActiveCfg = Release|Win32
		{29333F7A-A3A1-425B-A328-9D5D55601C35}.Release|Win32.Build.0 = Release|Win32
		{6672CEFE-201A-4403-83B3-C1BFF4BE5063}.Debug|Win32.ActiveCfg = Debug|Win32
		{6672CEFE-201A-4403-83B3-C1BFF4BE5063}.Debug|Win32.Build.0 = Debug|Win32
		{6672CEFE-201A-4403-83B3-C1BFF4BE5063}.Release|Win32.ActiveCfg = Release|Win32
		{6672CEFE-201A-4403-83B3-C1BFF4BE5063}.Release|Win32.Build.0 = Release|Win32
		{29CD3B95-CB64-428E-963C-A2649E62E136}.Debug|Win32.ActiveCfg = Debug|Win32
		{29CD3B95-CB64-428E-963C-A2649E62E136}.Debug|Win32.Build.0 = Debug|Win32
		{29CD3B95-CB64-428E-963C-A2649E62E136}.Release|Win32.ActiveCfg = Release|Win32
		{29CD3B95-CB64-428E-963C-A2649E62E136}.Release|Win32.Build.0 = Release|Win32
		{15592475-E2CD-46EE-9586-6E84DCEDBE6F}.Debug|Win32.ActiveCfg = Debug|Win32
		{15592475-E2CD-46EE-9586-6E84DCEDBE6F}.Debug|Win32.Build.0 = Debug|Win32
		{15592475-E2CD-46EE-9586-6E84DCEDBE6F}.Release|Win32.ActiveCfg = Release|Win32
		{15592475-E2CD-46EE-9586-6E84DCEDBE6F}.Release|Win32.Build.0 = Release|Win32
		{E5011355-0CFF-4DF3-B896-1C8585AD8D1C}.Debug|Win32.ActiveCfg = Debug|Win32
		{E5011355-0CFF-4DF3-B896-1C8585AD8D1C}.Debug|Win32.Build.0 = Debug|Win32
		{E5011355-0CFF-4DF3-B896-1C8585AD8D1C}.Release|Win32.ActiveCfg = Release|Win32
		{E5011355-0CFF-4DF3-B896-1C8585AD8D1C}.Release|Win32.Build.0 = Release|Win32
		{049E879D-613E-4EFC-957C-FE883DFCFA87}.Debug|Win32.ActiveCfg = Debug|Win32
		{049E879D-613E-4EFC-957C-FE883DFCFA87}.Debug|Win32.Build.0 = Debug|Win32
		{049E879D-613E-4EFC-957C-FE883DFCFA87}.Release|Win32.ActiveCfg = Release|Win32
		{049E879D-613E-4EFC-957C-FE883DFCFA87}.Release|Win32.Build.0 = Release|Win32
		{BDBA24E9-A051-46E6-B0C1-224AF5DA91B4}.Debug|Win32.ActiveCfg = Debug|Win32
		{BDBA24E9-A051-46E6-B0C1-224AF5DA91B4}.Debug|Win32.Build.0 = Debug|Win32
		{BDBA24E9-A051-46E6-B0C1-224AF5DA91B4}.Release|Win32.ActiveCfg = Release|Win32
		{BDBA24E9-A051-46E6-B0C1-224AF5DA91B4}.Release|Win32.Build.0 = Release|Win32
		{0260EA57-B94F-49AE-A263-FDC8C15537D9}.Debug|Win32.ActiveCfg = Debug|Win32
		{0260EA57-B94F-49AE-A263-FDC8C15537D9}.Debug|Win32.Build.0 = Debug|Win32
		{0260EA57-B94F-49AE-A263-FDC8C15537D9}.Release|Win32.ActiveCfg = Release|Win32
		{0260EA57-B94F-49AE-A263-FDC8C15537D9}.Release|Win32.Build.0 = Release|Win32
		{D6744D5D-9E2B-4B98-BF9B-C4919C9DFEC1}.Debug|Win32.ActiveCfg = Debug|Win32
		{D6744D5D-9E2B-4B98-BF9B-C4919C9DFEC1}.Debug|Win32.Build.0 = Debug|Win32
		{D6744D5D-9E2B-4B98-BF9B-C4919C9DFEC1}.Release|Win32.ActiveCfg = Release|Win32
		{D6744D5D-9E2B-4B98-BF9B-C4919C9DFEC1}.Release|Win32.Build.0 = Release|Win32
		{3160DB54-7EA1-46D9-9A60-EA0DADBF6B7F}.Debug|Win32.ActiveCfg = Debug|Win32
		{3160DB54-7EA1-46D9-9A60-EA0DADBF6B7F}.Debug|Win32.Build.0 = Debug|Win32
		{3160DB54-7EA1-46D9-9A60-EA0DADBF6B7F}.Release|Win32.ActiveCfg = Release|Win32
		{3160DB54-7EA1-46D9-9A60-EA0DADBF6B7F}.Release|Win32.Build.0 = Release|Win32
		{0E69ADD5-5702-47D3-894F-2012CE82F9AF}.Debug|Win32.ActiveCfg = Debug|Win32
		{0E69ADD5-5702-47D3-894F-2012CE82F9AF}.Debug|Win32.Build.0 = Debug|Win32
		{0E69ADD5-5702-47D3-894F-2012CE82F9AF}.Release|Win32.ActiveCfg = Release|Win32
		{0E69ADD5-5702-47D3-894F-2012CE82F9AF}.Release|Win32.Build.0 = Release|Win32
		{9EEC8E4D-7128-43CB-B2CC-2CA99565B5BD}.Debug|Win32.ActiveCfg = Debug|Win32
		{9EEC8E4D-7128-43CB-B2CC-2CA99565B5BD}.Debug|Win32.Build.0 = Debug|Win32
		{9EEC8E4D-7128-43CB-B2CC-2CA99565B5BD}.Release|Win32.ActiveCfg = Release|Win32
		{9EEC8E4D-7128-43CB-B2CC-2CA99565B5BD}.Release|Win32.Build.0 = Release|Win32
		{7CA2FEAC-92CC-44F6-BFC0-3FC946BD72EB}.Debug|Win32.ActiveCfg = Debug|Win32
		{7CA2FEAC-92CC-44F6-BFC0-3FC946BD72EB}.Debug|Win32.Build.0 = Debug|Win32
		{7CA2FEAC-92CC-44F6-BFC0-3FC946BD72EB}.Release|Win32.ActiveCfg = Release|Win32
		{7CA2FEAC-92CC-44F6-BFC0-3FC946BD72EB}.Release|Win32.Build.0 = Release|Win32
		{AFF8EE21-3F87-44A1-9E44-D9CC0A496F82}.Debug|Win32.ActiveCfg = Debug|Win32
		{AFF8EE21-3F87-44A1-9E44-D9CC0A496F82}.Debug|Win32.Build.0 = Debug|Win32
		{AFF8EE21-3F87-44A1-9E44-D9CC0A496F82}.Release|Win32.ActiveCfg = Release|Win32
		{AFF8EE21-3F87-44A1-9E44-D9CC0A496F82}.Release|Win32.Build.0 = Release|Win32
		{7FCDF2F3-526E-45F2-8F78-7D5BA46C57FE}.Debug|Win32.ActiveCfg = Debug|Win32
		{7FCDF2F3-526E-45F2-8F78-7D5BA46C57FE}.Debug|Win32.Build.0 = Debug|Win32
		{7FCDF2F3-526E-45F2-8F78-7D5BA46C57FE}.Release|Win32.ActiveCfg = Release|Win32
		{7FCDF2F3-526E-45F2-8F78-7D5BA46C57FE}.Release|Win32.Build.0 = Release|Win32
		{F80F4C0C-C062-4CBC-B269-B4314D255E3F}.Debug|Win32.ActiveCfg = Debug|Win32
		{F80F4C0C-C062-4CBC-B269-B4314D255E3F}.Debug|Win32.Build.0 = Debug|Win32
		{F80F4C0C-C062-4CBC-B269-B4314D255E3F}.Release|Win32.ActiveCfg = Release|Win32
		{F80F4C0C-C062-4CBC-B269-B4314D255E3F}.Release|Win32.Build.0 = Release|Win32
		{1B3F287F-25C3-4A92-ACE0-4F7ACF1154B4}.Debug|Win32.ActiveCfg = Debug|Win32
		{1B3F287F-25C3-4A92-ACE0-4F7ACF1154B4}.Debug|Win32.Build.0 = Debug|Win32
		{1B3F287F-25C3-4A92-ACE0-4F7ACF1154B4}.Release|Win32.ActiveCfg = Release|Win32
		{1B3F287F-25C3-4A92-ACE0-4F7ACF1154B4}.Release|Win32.Build.0 = Release|Win32
		{10EC1C3B-C339-48DF-845A-0AACF2A9A155}.Debug|Win32.ActiveCfg = Debug|Win32
		{10EC1C3B-C339-48DF-845A-0AACF2A9A155}.Debug|Win32.Build.0 = Debug|Win32
		{10EC1C3B-C339-48DF-845A-0AACF2A9A155}.Release|Win32.ActiveCfg = Release|Win32
		{10EC1C3B-C339-48DF-845A-0AACF2A9A155}.Release|Win32.Build.0 = Release|Win32
		{6432B35D-EBE7-4AAE-BB7F-B5548173C040}.Debug|Win32.ActiveCfg = Debug|Win32
		{6432B35D-EBE7-4AAE-BB7F-B5548173C040}.Debug|Win32.Build.0 = Debug|Win32
		{6432B35D-EBE7-4AAE-BB7F-B5548173C040}.Release|Win32.ActiveCfg = Release|Win32
		{6432B35D-EBE7-4AAE-BB7F-B5548173C040}.Release|Win32.Build.0 = Release|Win32
		{E0D6D5C6-7E07-4520-9FF9-2C92A163E958}.Debug|Win32.ActiveCfg = Debug|Win32
		{E0D6D5C6-7E07-4520-9FF9-2C92A163E958}.Debug|Win32.Build.0 = Debug|Win32
		{E0D6D5C6-7E07-4520-9FF9-2C92A163E958}.Release|Win32.ActiveCfg = Release|Win32
		{E0D6D5C6-7E07-4520-9FF9-2C92A163E958}.Release|Win32.Build.0 = Release|Win32
		{FA0B1968-F06C-4CE0-A184-3BC7B0A86CB1}.Debug|Win32.ActiveCfg = Debug|Win32
		{FA0B1968-F06C-4CE0-A184-3BC7B0A86CB1}.Debug|Win32.Build.0 = Debug|Win32
		{FA0B1968-F06C-4CE0-A184-3BC7B0A86CB1}.Release|Win32.ActiveCfg = Release|Win32
		{FA0B1968-F06C-4CE0-A184-3BC7B0A86CB1}.Release|Win32.Build.0 = Release|Win32
		{625346DC-194A-4E7D-92C4-8F9E10B0BB2A}.Debug|Win32.ActiveCfg = Debug|Win32
		{625346DC-194A-4E7D-92C4-8F9E10B0BB2A}.Debug|Win32.Build.0 = Debug|Win32
		{625346DC-194A-4E7D-92C4-8F9E10B0BB2A}.Release|Win32.ActiveCfg = Release|Win32
		{625346DC-194A-4E7D-92C4-8F9E10B0BB2A}.Release|Win32.Build.0 = Release|Win32
		{2F37584C-B957-4949-A2EB-A11471AE5FDE}.Debug|Win32.ActiveCfg = Debug|Win32
		{2F37584C-B957-4949-A2EB-A11471AE5FDE}.Debug|Win32.Build.0 = Debug|Win32
		{2F37584C-B957-4949-A2EB-A11471AE5FDE}.Release|Win32.ActiveCfg = Release|Win32
		{2F37584C-B957-4949-A2EB-A11471AE5FDE}.Release|Win32.Build.0 = Release|Win32
		{854A4D56-A4F4-4C6A-9032-60185CA5B4F2}.Debug|Win32.ActiveCfg = Debug|Win32
		{854A4D56-A4F4-4C6A-9032-60185CA5B4F2}.Debug|Win32.Build.0 = Debug|Win32
		{854A4D56-A4F4-4C6A-9032-60185CA5B4F2}.Release|Win32.ActiveCfg = Release|Win32
		{854A4D56-A4F4-4C6A-9032-60185CA5B4F2}.Release|Win32.Build.0 = Release|Win32
		{4F776873-F1FB-4299-B3D5-394AF05BAA73}.Debug|Win32.ActiveCfg = Debug|Win32
		{4F776873-F1FB-4299-B3D5-394AF05BAA73}.Debug|Win32.Build.0 = Debug|Win32
		{4F776873-F1FB-4299-B3D5-394AF05BAA73}.Release|Win32.ActiveCfg = Release|Win32
		{4F776873-F1FB-4299-B3D5-394AF05BAA73}.Release|Win32.Build.0 = Release|Win32
		{BF2A5A2C-AA2A-4F42-9A3E-FE97E02A4B2E}.Debug|Win32.ActiveCfg = Debug|Win32
		{BF2A5A2C-AA2A-4F42-9A3E-FE97E02A4B2E}.Debug|Win32.Build.0 = Debug|Win32
		{BF2A5A2C-AA2A-4F42-9A3E-FE97E02A4B2E}.Release|Win32.ActiveCfg = Release|Win32
		{BF2A5A2C-AA2A-4F42-9A3E-FE97E02A4B2E}.Release|Win32.Build.0 = Release|Win32
		{F51ABB4F-2E76-44EF-9091-3DA6AF344DF8}.Debug|Win32.ActiveCfg = Debug|Win32
		{F51ABB4F-2E76-44EF-9091-3DA6AF344DF8}.Debug|Win32.Build.0 = Debug|Win32
		{F51ABB4F-2E76-44EF-9091-3DA6AF344DF8}.Release|Win32.ActiveCfg = Release|Win32
		{F51ABB4F-2E76-44EF-9091-3DA6AF344DF8}.Release|Win32.Build.0 = Release|Win32
		{A4E48127-8B04-44FD-B57C-5D78579CBAB3}.Debug|Win32.ActiveCfg = Debug|Win32
		{A4E48127-8B04-44FD-B57C-5D78579CBAB3}.Debug|Win32.Build.0 = Debug|Win32
		{A4E48127-8B04-44FD-B57C-5D78579CBAB3}.Release|Win32.ActiveCfg = Release|Win32
		{A4E48127-8B04-44FD-B57C-5D78579CBAB3}.Release|Win32.Build.0 = Release|Win32
		{A9D928C7-3D26-49A8-811A-49F7BF975FCF}.Debug|Win32.ActiveCfg = Debug|Win32
		{A9D928C7-3D26-49A8-811A-49F7BF975FCF}.Debug|Win32.Build.0 = Debug|Win32
		{A9D928C7-3D26-49A8-811A-49F7BF975FCF}.Release|Win32.ActiveCfg = Release|Win32
		{A9D928C7-3D26-49A8-811A-49F7BF975FCF}.Release|Win32.Build.0 = Release|Win32
		{72D44C4E-BDDE-46C5-80B5-4CD327183B52}.Debug|Win32.ActiveCfg = Debug|Win32
		{72D44C4E-BDDE-46C5-80B5-4CD327183B52}.Debug|Win32.Build.0 = Debug|Win32
		{72D44C4E-BDDE-46C5-80B5-4CD327183B52}.Release|Win32.ActiveCfg = Release|Win32
		{72D44C4E-BDDE-46C5-80B5-4CD327183B52}.Release|Win32.Build.0 = Release|Win32
		{6009CF00-EF0F-44CA-9995-33328F067904}.Debug|Win32.ActiveCfg = Debug|Win32
		{6009CF00-EF0F-44CA-9995-33328F067904}.Debug|Win32.Build.0 = Debug|Win32
		{6009CF00-EF0F-44CA-9995-33328F067904}.Release|Win32.ActiveCfg = Release|Win32
		{6009CF00-EF0F-44CA-9995-33328F067904}.Release|Win32.Build.0 = Release|Win32
		{2B03EE10-A385-4045-BDA8-0FD736838829}.Debug|Win32.ActiveCfg = Debug|Win32
		{2B03EE10-A385-4045-BDA8-0FD736838829}.Debug|Win32.Build.0 = Debug|Win32
		{2B03EE10-A385-4045-BDA8-0FD736838829}.Release|Win32.ActiveCfg = Release|Win32
		{2B03EE10-A385-4045-BDA8-0FD736838829}.Release|Win32.Build.0 = Release|Win32
		{48E43423-5316-4D29-B869-D29B6C33ACEA}.Debug|Win32.ActiveCfg = Debug|Win32
		{48E43423-5316-4D29-B869-D29B6C33ACEA}.Debug|Win32.Build.0 = Debug|Win32
		{48E43423-5316-4D29-B869-D29B6C33ACEA}.Release|Win32.ActiveCfg = Release|Win32
		{48E43423-5316-4D29-B869-D29B6C33ACEA}.Release|Win32.Build.0 = Release|Win32
		{F3D2A8D5-9A05-47DC-8ADE-8606C65D84D6}.Debug|Win32.ActiveCfg = Debug|Win32
		{F3D2A8D5-9A05-47DC-8ADE-8606C65D84D6}.Debug|Win32.Build.0 = Debug|Win32
		{F3D2A8D5-9A05-47DC-8ADE-8606C65D84D6}.Release|Win32.ActiveCfg = Release|Win32
		{F3D2A8D5-9A05-47DC-8ADE-8606C65D84D6}.Release|Win32.Build.0 = Release|Win32
		{DA1B81A6-5928-4719-A849-5C9D0869397C}.Debug|Win32.ActiveCfg = Debug|Win32
		{DA1B81A6-5928-4719-A849-5C9D0869397C}.Debug|Win32.Build.0 = Debug|Win32
		{DA1B81A6-5928-4719-A849-5C9D0869397C}.Release|Win32.ActiveCfg = Release|Win32
		{DA1B81A6-5928-4719-A849-5C9D0869397C}.Release|Win32.Build.0 = Release|Win32
		{4CC82B48-411A-45AB-BDF5-093CAE054EDD}.Debug|Win32.ActiveCfg = Debug|Win32
		{4CC82B48-411A-45AB-BDF5-093CAE054EDD}.Debug|Win32.Build.0 = Debug|Win32
		{4CC82B48-411A-45AB-BDF5-093CAE054EDD}.Release|Win32.ActiveCfg = Release|Win32
		{4CC82B48-411A-45AB-BDF5-093CAE054EDD}.Release|Win32.Build.0 = Release|Win32
		{F464CA3A-E220-4FB9-99B0-62712C471760}.Debug|Win32.ActiveCfg = Debug|Win32
		{F464CA3A-E220-4FB9-99B0-62712C471760}.Debug|Win32.Build.0 = Debug|Win32
		{F464CA3A-E220-4FB9-99B0-62712C471760}.Release|Win32.ActiveCfg = Release|Win32
		{F464CA3A-E220-4FB9-99B0-62712C471760}.Release|Win32.Build.0 = Release|Win32
		{727D5420-0475-4ED9-BD99-5D28F649ED71}.Debug|Win32.ActiveCfg = Debug|Win32
		{727D5420-0475-4ED9-BD99-5D28F649ED71}.Debug|Win32.Build.0 = Debug|Win32
		{727D5420-0475-4ED9-BD99-5D28F649ED71}.Release|Win32.ActiveCfg = Release|Win32
		{727D5420-0475-4ED9-BD99-5D28F649ED71}.Release|Win32.Build.0 = Release|Win32
		{7EA8F359-05E2-42B9-B1EA-4203EB691FFD}.Debug|Win32.ActiveCfg = Debug|Win32
		{7EA8F359-05E2-42B9-B1EA-4203EB691FFD}.Debug|Win32.Build.0 = Debug|Win32
		{7EA8F359-05E2-42B9-B1EA-4203EB691FFD}.Release|Win32.ActiveCfg = Release|Win32
		{7EA8F359-05E2-42B9-B1EA-4203EB691FFD}.Release|Win32.Build.0 = Release|Win32
		{D2013261-7A8C-448D-B0CF-469742AB587D}.Debug|Win32.ActiveCfg = Debug|Win32
		{D2013261-7A8C-448D-B0CF-469742AB587D}.Debug|Win32.Build.0 = Debug|Win32
		{D2013261-7A8C-448D-B0CF-469742AB587D}.Release|Win32.ActiveCfg = Release|Win32
		{D2013261-7A8C-448D-B0CF-469742AB587D}.Release|Win32.Build.0 = Release|Win32
		{4763CE94-234E-41B6-BAE7-11C42F28C50B}.Debug|Win32.ActiveCfg = Debug|Win32
		{4763CE94-234E-41B6-BAE7-11C42F28C50B}.Debug|Win32.Build.0 = Debug|Win32
		{4763CE94-234E-41B6-BAE7-11C42F28C50B}.Release|Win32.ActiveCfg = Release|Win32
		{4763CE94-234E-41B6-BAE7-11C42F28C50B}.Release|Win32.Build.0 = Release|Win32
		{4E55FFE4-8D5F-4D0A-9385-9FC45BDA33C9}.Debug|Win32.ActiveCfg = Debug|Win32
		{4E55FFE4-8D5F-4D0A-9385-9FC45BDA33C9}.Debug|Win32.Build.0 = Debug|Win32
		{4E55FFE4-8D5F-4D0A-9385-9FC45BDA33C9}.Release|Win32.ActiveCfg = Release|Win32
		{4E55FFE4-8D5F-4D0A-9385-9FC45BDA33C9}.Release|Win32.Build.0 = Release|Win32
		{49307715-24A5-47FF-AE7A-A3463E997F39}.Debug|Win32.ActiveCfg = Debug|Win32
		{49307715-24A5-47FF-AE7A-A3463E997F39}.Debug|Win32.Build.0 = Debug|Win32
		{49307715-24A5-47FF-AE7A-A3463E997F39}.Release|Win32.ActiveCfg = Release|Win32
		{49307715-24A5-47FF-AE7A-A3463E997F39}.Release|Win32.Build.0 = Release|Win32
		{4BA7EB6D-B059-4B39-84F0-66057499EE6D}.Debug|Win32.ActiveCfg = Debug|Win32
		{4BA7EB6D-B059-4B39-84F0-66057499EE6D}.Debug|Win32.Build.0 = Debug|Win32
		{4BA7EB6D-B059-4B39-84F0-66057499EE6D}.Release|Win32.ActiveCfg = Release|Win32
		{4BA7EB6D-B059-4B39-84F0-66057499EE6D}.Release|Win32.Build.0 = Release|Win32
		{AA00D215-116C-406D-82C5-32E894A1D0D9}.Debug|Win32.ActiveCfg = Debug|Win32
		{AA00D215-116C-406D-82C5-32E894A1D0D9}.Debug|Win32.Build.0 = Debug|Win32
		{AA00D215-116C-406D-82C5-32E894A1D0D9}.Release|Win32.ActiveCfg = Release|Win32
		{AA00D215-116C-406D-82C5-32E894A1D0D9}.Release|Win32.Build.0 = Release|Win32
	EndGlobalSection
	GlobalSection(SolutionProperties) = preSolution
		HideSolutionNode = FALSE
	EndGlobalSection
EndGlobal
